// !$*UTF8*$!
{
	archiveVersion = 1;
	classes = {
	};
	objectVersion = 48;
	objects = {

/* Begin PBXBuildFile section */
		81373AF821D981900047338F /* MapKit.framework in Frameworks */ = {isa = PBXBuildFile; fileRef = 81373AF721D981900047338F /* MapKit.framework */; };
		81373AFA21D996700047338F /* ConversionViewController.swift in Sources */ = {isa = PBXBuildFile; fileRef = 81373AF921D996700047338F /* ConversionViewController.swift */; };
		81373AFC21D99C3C0047338F /* MapViewController.swift in Sources */ = {isa = PBXBuildFile; fileRef = 81373AFB21D99C3C0047338F /* MapViewController.swift */; };
		8194062C21DEF94100FD5A42 /* WebViewController.swift in Sources */ = {isa = PBXBuildFile; fileRef = 8194062B21DEF94100FD5A42 /* WebViewController.swift */; };
		8194062E21DEFB9B00FD5A42 /* WebKit.framework in Frameworks */ = {isa = PBXBuildFile; fileRef = 8194062D21DEFB9B00FD5A42 /* WebKit.framework */; };
		8194063021DF062E00FD5A42 /* CoreLocation.framework in Frameworks */ = {isa = PBXBuildFile; fileRef = 8194062F21DF062E00FD5A42 /* CoreLocation.framework */; };
		FD2E000221D6907500834B21 /* WorldTrotterTests.swift in Sources */ = {isa = PBXBuildFile; fileRef = FD2E000121D6907500834B21 /* WorldTrotterTests.swift */; };
		FD2E000D21D6907500834B21 /* WorldTrotterUITests.swift in Sources */ = {isa = PBXBuildFile; fileRef = FD2E000C21D6907500834B21 /* WorldTrotterUITests.swift */; };
		FD2EFFED21D6907500834B21 /* AppDelegate.swift in Sources */ = {isa = PBXBuildFile; fileRef = FD2EFFEC21D6907500834B21 /* AppDelegate.swift */; };
		FD2EFFF221D6907500834B21 /* Main.storyboard in Resources */ = {isa = PBXBuildFile; fileRef = FD2EFFF021D6907500834B21 /* Main.storyboard */; };
		FD2EFFF421D6907500834B21 /* Assets.xcassets in Resources */ = {isa = PBXBuildFile; fileRef = FD2EFFF321D6907500834B21 /* Assets.xcassets */; };
		FD2EFFF721D6907500834B21 /* LaunchScreen.storyboard in Resources */ = {isa = PBXBuildFile; fileRef = FD2EFFF521D6907500834B21 /* LaunchScreen.storyboard */; };
/* End PBXBuildFile section */

/* Begin PBXContainerItemProxy section */
		FD2E000921D6907500834B21 /* PBXContainerItemProxy */ = {
			isa = PBXContainerItemProxy;
			containerPortal = FD2EFFE121D6907500834B21 /* Project object */;
			proxyType = 1;
			remoteGlobalIDString = FD2EFFE821D6907500834B21;
			remoteInfo = WorldTrotter;
		};
		FD2EFFFE21D6907500834B21 /* PBXContainerItemProxy */ = {
			isa = PBXContainerItemProxy;
			containerPortal = FD2EFFE121D6907500834B21 /* Project object */;
			proxyType = 1;
			remoteGlobalIDString = FD2EFFE821D6907500834B21;
			remoteInfo = WorldTrotter;
		};
/* End PBXContainerItemProxy section */

/* Begin PBXFileReference section */
		81373AF721D981900047338F /* MapKit.framework */ = {isa = PBXFileReference; lastKnownFileType = wrapper.framework; name = MapKit.framework; path = System/Library/Frameworks/MapKit.framework; sourceTree = SDKROOT; };
		81373AF921D996700047338F /* ConversionViewController.swift */ = {isa = PBXFileReference; fileEncoding = 4; lastKnownFileType = sourcecode.swift; path = ConversionViewController.swift; sourceTree = "<group>"; };
		81373AFB21D99C3C0047338F /* MapViewController.swift */ = {isa = PBXFileReference; lastKnownFileType = sourcecode.swift; path = MapViewController.swift; sourceTree = "<group>"; };
		8194062B21DEF94100FD5A42 /* WebViewController.swift */ = {isa = PBXFileReference; lastKnownFileType = sourcecode.swift; path = WebViewController.swift; sourceTree = "<group>"; };
		8194062D21DEFB9B00FD5A42 /* WebKit.framework */ = {isa = PBXFileReference; lastKnownFileType = wrapper.framework; name = WebKit.framework; path = System/Library/Frameworks/WebKit.framework; sourceTree = SDKROOT; };
		8194062F21DF062E00FD5A42 /* CoreLocation.framework */ = {isa = PBXFileReference; lastKnownFileType = wrapper.framework; name = CoreLocation.framework; path = System/Library/Frameworks/CoreLocation.framework; sourceTree = SDKROOT; };
		FD2E000121D6907500834B21 /* WorldTrotterTests.swift */ = {isa = PBXFileReference; lastKnownFileType = sourcecode.swift; path = WorldTrotterTests.swift; sourceTree = "<group>"; };
		FD2E000321D6907500834B21 /* Info.plist */ = {isa = PBXFileReference; lastKnownFileType = text.plist.xml; path = Info.plist; sourceTree = "<group>"; };
		FD2E000821D6907500834B21 /* WorldTrotterUITests.xctest */ = {isa = PBXFileReference; explicitFileType = wrapper.cfbundle; includeInIndex = 0; path = WorldTrotterUITests.xctest; sourceTree = BUILT_PRODUCTS_DIR; };
		FD2E000C21D6907500834B21 /* WorldTrotterUITests.swift */ = {isa = PBXFileReference; lastKnownFileType = sourcecode.swift; path = WorldTrotterUITests.swift; sourceTree = "<group>"; };
		FD2E000E21D6907500834B21 /* Info.plist */ = {isa = PBXFileReference; lastKnownFileType = text.plist.xml; path = Info.plist; sourceTree = "<group>"; };
		FD2EFFE921D6907500834B21 /* WorldTrotter.app */ = {isa = PBXFileReference; explicitFileType = wrapper.application; includeInIndex = 0; path = WorldTrotter.app; sourceTree = BUILT_PRODUCTS_DIR; };
		FD2EFFEC21D6907500834B21 /* AppDelegate.swift */ = {isa = PBXFileReference; lastKnownFileType = sourcecode.swift; path = AppDelegate.swift; sourceTree = "<group>"; };
		FD2EFFF121D6907500834B21 /* Base */ = {isa = PBXFileReference; lastKnownFileType = file.storyboard; name = Base; path = Base.lproj/Main.storyboard; sourceTree = "<group>"; };
		FD2EFFF321D6907500834B21 /* Assets.xcassets */ = {isa = PBXFileReference; lastKnownFileType = folder.assetcatalog; path = Assets.xcassets; sourceTree = "<group>"; };
		FD2EFFF621D6907500834B21 /* Base */ = {isa = PBXFileReference; lastKnownFileType = file.storyboard; name = Base; path = Base.lproj/LaunchScreen.storyboard; sourceTree = "<group>"; };
		FD2EFFF821D6907500834B21 /* Info.plist */ = {isa = PBXFileReference; lastKnownFileType = text.plist.xml; path = Info.plist; sourceTree = "<group>"; };
		FD2EFFFD21D6907500834B21 /* WorldTrotterTests.xctest */ = {isa = PBXFileReference; explicitFileType = wrapper.cfbundle; includeInIndex = 0; path = WorldTrotterTests.xctest; sourceTree = BUILT_PRODUCTS_DIR; };
/* End PBXFileReference section */

/* Begin PBXFrameworksBuildPhase section */
		FD2E000521D6907500834B21 /* Frameworks */ = {
			isa = PBXFrameworksBuildPhase;
			buildActionMask = 2147483647;
			files = (
			);
			runOnlyForDeploymentPostprocessing = 0;
		};
		FD2EFFE621D6907500834B21 /* Frameworks */ = {
			isa = PBXFrameworksBuildPhase;
			buildActionMask = 2147483647;
			files = (
				8194063021DF062E00FD5A42 /* CoreLocation.framework in Frameworks */,
				8194062E21DEFB9B00FD5A42 /* WebKit.framework in Frameworks */,
				81373AF821D981900047338F /* MapKit.framework in Frameworks */,
			);
			runOnlyForDeploymentPostprocessing = 0;
		};
		FD2EFFFA21D6907500834B21 /* Frameworks */ = {
			isa = PBXFrameworksBuildPhase;
			buildActionMask = 2147483647;
			files = (
			);
			runOnlyForDeploymentPostprocessing = 0;
		};
/* End PBXFrameworksBuildPhase section */

/* Begin PBXGroup section */
		81373AF621D981900047338F /* Frameworks */ = {
			isa = PBXGroup;
			children = (
				8194062F21DF062E00FD5A42 /* CoreLocation.framework */,
				8194062D21DEFB9B00FD5A42 /* WebKit.framework */,
				81373AF721D981900047338F /* MapKit.framework */,
			);
			name = Frameworks;
			sourceTree = "<group>";
		};
		FD2E000021D6907500834B21 /* WorldTrotterTests */ = {
			isa = PBXGroup;
			children = (
				FD2E000121D6907500834B21 /* WorldTrotterTests.swift */,
				FD2E000321D6907500834B21 /* Info.plist */,
			);
			path = WorldTrotterTests;
			sourceTree = "<group>";
		};
		FD2E000B21D6907500834B21 /* WorldTrotterUITests */ = {
			isa = PBXGroup;
			children = (
				FD2E000C21D6907500834B21 /* WorldTrotterUITests.swift */,
				FD2E000E21D6907500834B21 /* Info.plist */,
			);
			path = WorldTrotterUITests;
			sourceTree = "<group>";
		};
		FD2EFFE021D6907500834B21 = {
			isa = PBXGroup;
			children = (
				FD2EFFEB21D6907500834B21 /* WorldTrotter */,
				FD2E000021D6907500834B21 /* WorldTrotterTests */,
				FD2E000B21D6907500834B21 /* WorldTrotterUITests */,
				FD2EFFEA21D6907500834B21 /* Products */,
				81373AF621D981900047338F /* Frameworks */,
			);
			sourceTree = "<group>";
		};
		FD2EFFEA21D6907500834B21 /* Products */ = {
			isa = PBXGroup;
			children = (
				FD2EFFE921D6907500834B21 /* WorldTrotter.app */,
				FD2EFFFD21D6907500834B21 /* WorldTrotterTests.xctest */,
				FD2E000821D6907500834B21 /* WorldTrotterUITests.xctest */,
			);
			name = Products;
			sourceTree = "<group>";
		};
		FD2EFFEB21D6907500834B21 /* WorldTrotter */ = {
			isa = PBXGroup;
			children = (
				FD2EFFEC21D6907500834B21 /* AppDelegate.swift */,
				81373AF921D996700047338F /* ConversionViewController.swift */,
				FD2EFFF021D6907500834B21 /* Main.storyboard */,
				FD2EFFF321D6907500834B21 /* Assets.xcassets */,
				FD2EFFF521D6907500834B21 /* LaunchScreen.storyboard */,
				FD2EFFF821D6907500834B21 /* Info.plist */,
				81373AFB21D99C3C0047338F /* MapViewController.swift */,
				8194062B21DEF94100FD5A42 /* WebViewController.swift */,
			);
			path = WorldTrotter;
			sourceTree = "<group>";
		};
/* End PBXGroup section */

/* Begin PBXNativeTarget section */
		FD2E000721D6907500834B21 /* WorldTrotterUITests */ = {
			isa = PBXNativeTarget;
			buildConfigurationList = FD2E001721D6907500834B21 /* Build configuration list for PBXNativeTarget "WorldTrotterUITests" */;
			buildPhases = (
				FD2E000421D6907500834B21 /* Sources */,
				FD2E000521D6907500834B21 /* Frameworks */,
				FD2E000621D6907500834B21 /* Resources */,
			);
			buildRules = (
			);
			dependencies = (
				FD2E000A21D6907500834B21 /* PBXTargetDependency */,
			);
			name = WorldTrotterUITests;
			productName = WorldTrotterUITests;
			productReference = FD2E000821D6907500834B21 /* WorldTrotterUITests.xctest */;
			productType = "com.apple.product-type.bundle.ui-testing";
		};
		FD2EFFE821D6907500834B21 /* WorldTrotter */ = {
			isa = PBXNativeTarget;
			buildConfigurationList = FD2E001121D6907500834B21 /* Build configuration list for PBXNativeTarget "WorldTrotter" */;
			buildPhases = (
				FD2EFFE521D6907500834B21 /* Sources */,
				FD2EFFE621D6907500834B21 /* Frameworks */,
				FD2EFFE721D6907500834B21 /* Resources */,
			);
			buildRules = (
			);
			dependencies = (
			);
			name = WorldTrotter;
			productName = WorldTrotter;
			productReference = FD2EFFE921D6907500834B21 /* WorldTrotter.app */;
			productType = "com.apple.product-type.application";
		};
		FD2EFFFC21D6907500834B21 /* WorldTrotterTests */ = {
			isa = PBXNativeTarget;
			buildConfigurationList = FD2E001421D6907500834B21 /* Build configuration list for PBXNativeTarget "WorldTrotterTests" */;
			buildPhases = (
				FD2EFFF921D6907500834B21 /* Sources */,
				FD2EFFFA21D6907500834B21 /* Frameworks */,
				FD2EFFFB21D6907500834B21 /* Resources */,
			);
			buildRules = (
			);
			dependencies = (
				FD2EFFFF21D6907500834B21 /* PBXTargetDependency */,
			);
			name = WorldTrotterTests;
			productName = WorldTrotterTests;
			productReference = FD2EFFFD21D6907500834B21 /* WorldTrotterTests.xctest */;
			productType = "com.apple.product-type.bundle.unit-test";
		};
/* End PBXNativeTarget section */

/* Begin PBXProject section */
		FD2EFFE121D6907500834B21 /* Project object */ = {
			isa = PBXProject;
			attributes = {
				LastSwiftUpdateCheck = 0920;
				LastUpgradeCheck = 1010;
				ORGANIZATIONNAME = "Sam Reaves";
				TargetAttributes = {
					FD2E000721D6907500834B21 = {
						CreatedOnToolsVersion = 9.2;
						LastSwiftMigration = 1010;
						ProvisioningStyle = Automatic;
						TestTargetID = FD2EFFE821D6907500834B21;
					};
					FD2EFFE821D6907500834B21 = {
						CreatedOnToolsVersion = 9.2;
						LastSwiftMigration = 1010;
						ProvisioningStyle = Automatic;
					};
					FD2EFFFC21D6907500834B21 = {
						CreatedOnToolsVersion = 9.2;
						LastSwiftMigration = 1010;
						ProvisioningStyle = Automatic;
						TestTargetID = FD2EFFE821D6907500834B21;
					};
				};
			};
			buildConfigurationList = FD2EFFE421D6907500834B21 /* Build configuration list for PBXProject "WorldTrotter" */;
			compatibilityVersion = "Xcode 8.0";
			developmentRegion = en;
			hasScannedForEncodings = 0;
			knownRegions = (
				en,
				Base,
			);
			mainGroup = FD2EFFE021D6907500834B21;
			productRefGroup = FD2EFFEA21D6907500834B21 /* Products */;
			projectDirPath = "";
			projectRoot = "";
			targets = (
				FD2EFFE821D6907500834B21 /* WorldTrotter */,
				FD2EFFFC21D6907500834B21 /* WorldTrotterTests */,
				FD2E000721D6907500834B21 /* WorldTrotterUITests */,
			);
		};
/* End PBXProject section */

/* Begin PBXResourcesBuildPhase section */
		FD2E000621D6907500834B21 /* Resources */ = {
			isa = PBXResourcesBuildPhase;
			buildActionMask = 2147483647;
			files = (
			);
			runOnlyForDeploymentPostprocessing = 0;
		};
		FD2EFFE721D6907500834B21 /* Resources */ = {
			isa = PBXResourcesBuildPhase;
			buildActionMask = 2147483647;
			files = (
				FD2EFFF721D6907500834B21 /* LaunchScreen.storyboard in Resources */,
				FD2EFFF421D6907500834B21 /* Assets.xcassets in Resources */,
				FD2EFFF221D6907500834B21 /* Main.storyboard in Resources */,
			);
			runOnlyForDeploymentPostprocessing = 0;
		};
		FD2EFFFB21D6907500834B21 /* Resources */ = {
			isa = PBXResourcesBuildPhase;
			buildActionMask = 2147483647;
			files = (
			);
			runOnlyForDeploymentPostprocessing = 0;
		};
/* End PBXResourcesBuildPhase section */

/* Begin PBXSourcesBuildPhase section */
		FD2E000421D6907500834B21 /* Sources */ = {
			isa = PBXSourcesBuildPhase;
			buildActionMask = 2147483647;
			files = (
				FD2E000D21D6907500834B21 /* WorldTrotterUITests.swift in Sources */,
			);
			runOnlyForDeploymentPostprocessing = 0;
		};
		FD2EFFE521D6907500834B21 /* Sources */ = {
			isa = PBXSourcesBuildPhase;
			buildActionMask = 2147483647;
			files = (
				81373AFA21D996700047338F /* ConversionViewController.swift in Sources */,
				81373AFC21D99C3C0047338F /* MapViewController.swift in Sources */,
				FD2EFFED21D6907500834B21 /* AppDelegate.swift in Sources */,
				8194062C21DEF94100FD5A42 /* WebViewController.swift in Sources */,
			);
			runOnlyForDeploymentPostprocessing = 0;
		};
		FD2EFFF921D6907500834B21 /* Sources */ = {
			isa = PBXSourcesBuildPhase;
			buildActionMask = 2147483647;
			files = (
				FD2E000221D6907500834B21 /* WorldTrotterTests.swift in Sources */,
			);
			runOnlyForDeploymentPostprocessing = 0;
		};
/* End PBXSourcesBuildPhase section */

/* Begin PBXTargetDependency section */
		FD2E000A21D6907500834B21 /* PBXTargetDependency */ = {
			isa = PBXTargetDependency;
			target = FD2EFFE821D6907500834B21 /* WorldTrotter */;
			targetProxy = FD2E000921D6907500834B21 /* PBXContainerItemProxy */;
		};
		FD2EFFFF21D6907500834B21 /* PBXTargetDependency */ = {
			isa = PBXTargetDependency;
			target = FD2EFFE821D6907500834B21 /* WorldTrotter */;
			targetProxy = FD2EFFFE21D6907500834B21 /* PBXContainerItemProxy */;
		};
/* End PBXTargetDependency section */

/* Begin PBXVariantGroup section */
		FD2EFFF021D6907500834B21 /* Main.storyboard */ = {
			isa = PBXVariantGroup;
			children = (
				FD2EFFF121D6907500834B21 /* Base */,
			);
			name = Main.storyboard;
			sourceTree = "<group>";
		};
		FD2EFFF521D6907500834B21 /* LaunchScreen.storyboard */ = {
			isa = PBXVariantGroup;
			children = (
				FD2EFFF621D6907500834B21 /* Base */,
			);
			name = LaunchScreen.storyboard;
			sourceTree = "<group>";
		};
/* End PBXVariantGroup section */

/* Begin XCBuildConfiguration section */
		FD2E000F21D6907500834B21 /* Debug */ = {
			isa = XCBuildConfiguration;
			buildSettings = {
				ALWAYS_SEARCH_USER_PATHS = NO;
				CLANG_ANALYZER_NONNULL = YES;
				CLANG_ANALYZER_NUMBER_OBJECT_CONVERSION = YES_AGGRESSIVE;
				CLANG_CXX_LANGUAGE_STANDARD = "gnu++14";
				CLANG_CXX_LIBRARY = "libc++";
				CLANG_ENABLE_MODULES = YES;
				CLANG_ENABLE_OBJC_ARC = YES;
				CLANG_WARN_BLOCK_CAPTURE_AUTORELEASING = YES;
				CLANG_WARN_BOOL_CONVERSION = YES;
				CLANG_WARN_COMMA = YES;
				CLANG_WARN_CONSTANT_CONVERSION = YES;
				CLANG_WARN_DEPRECATED_OBJC_IMPLEMENTATIONS = YES;
				CLANG_WARN_DIRECT_OBJC_ISA_USAGE = YES_ERROR;
				CLANG_WARN_DOCUMENTATION_COMMENTS = YES;
				CLANG_WARN_EMPTY_BODY = YES;
				CLANG_WARN_ENUM_CONVERSION = YES;
				CLANG_WARN_INFINITE_RECURSION = YES;
				CLANG_WARN_INT_CONVERSION = YES;
				CLANG_WARN_NON_LITERAL_NULL_CONVERSION = YES;
				CLANG_WARN_OBJC_IMPLICIT_RETAIN_SELF = YES;
				CLANG_WARN_OBJC_LITERAL_CONVERSION = YES;
				CLANG_WARN_OBJC_ROOT_CLASS = YES_ERROR;
				CLANG_WARN_RANGE_LOOP_ANALYSIS = YES;
				CLANG_WARN_STRICT_PROTOTYPES = YES;
				CLANG_WARN_SUSPICIOUS_MOVE = YES;
				CLANG_WARN_UNGUARDED_AVAILABILITY = YES_AGGRESSIVE;
				CLANG_WARN_UNREACHABLE_CODE = YES;
				CLANG_WARN__DUPLICATE_METHOD_MATCH = YES;
				CODE_SIGN_IDENTITY = "iPhone Developer";
				COPY_PHASE_STRIP = NO;
				DEBUG_INFORMATION_FORMAT = dwarf;
				ENABLE_STRICT_OBJC_MSGSEND = YES;
				ENABLE_TESTABILITY = YES;
				GCC_C_LANGUAGE_STANDARD = gnu11;
				GCC_DYNAMIC_NO_PIC = NO;
				GCC_NO_COMMON_BLOCKS = YES;
				GCC_OPTIMIZATION_LEVEL = 0;
				GCC_PREPROCESSOR_DEFINITIONS = (
					"DEBUG=1",
					"$(inherited)",
				);
				GCC_WARN_64_TO_32_BIT_CONVERSION = YES;
				GCC_WARN_ABOUT_RETURN_TYPE = YES_ERROR;
				GCC_WARN_UNDECLARED_SELECTOR = YES;
				GCC_WARN_UNINITIALIZED_AUTOS = YES_AGGRESSIVE;
				GCC_WARN_UNUSED_FUNCTION = YES;
				GCC_WARN_UNUSED_VARIABLE = YES;
				IPHONEOS_DEPLOYMENT_TARGET = 11.2;
				MTL_ENABLE_DEBUG_INFO = YES;
				ONLY_ACTIVE_ARCH = YES;
				SDKROOT = iphoneos;
				SWIFT_ACTIVE_COMPILATION_CONDITIONS = DEBUG;
				SWIFT_OPTIMIZATION_LEVEL = "-Onone";
			};
			name = Debug;
		};
		FD2E001021D6907500834B21 /* Release */ = {
			isa = XCBuildConfiguration;
			buildSettings = {
				ALWAYS_SEARCH_USER_PATHS = NO;
				CLANG_ANALYZER_NONNULL = YES;
				CLANG_ANALYZER_NUMBER_OBJECT_CONVERSION = YES_AGGRESSIVE;
				CLANG_CXX_LANGUAGE_STANDARD = "gnu++14";
				CLANG_CXX_LIBRARY = "libc++";
				CLANG_ENABLE_MODULES = YES;
				CLANG_ENABLE_OBJC_ARC = YES;
				CLANG_WARN_BLOCK_CAPTURE_AUTORELEASING = YES;
				CLANG_WARN_BOOL_CONVERSION = YES;
				CLANG_WARN_COMMA = YES;
				CLANG_WARN_CONSTANT_CONVERSION = YES;
				CLANG_WARN_DEPRECATED_OBJC_IMPLEMENTATIONS = YES;
				CLANG_WARN_DIRECT_OBJC_ISA_USAGE = YES_ERROR;
				CLANG_WARN_DOCUMENTATION_COMMENTS = YES;
				CLANG_WARN_EMPTY_BODY = YES;
				CLANG_WARN_ENUM_CONVERSION = YES;
				CLANG_WARN_INFINITE_RECURSION = YES;
				CLANG_WARN_INT_CONVERSION = YES;
				CLANG_WARN_NON_LITERAL_NULL_CONVERSION = YES;
				CLANG_WARN_OBJC_IMPLICIT_RETAIN_SELF = YES;
				CLANG_WARN_OBJC_LITERAL_CONVERSION = YES;
				CLANG_WARN_OBJC_ROOT_CLASS = YES_ERROR;
				CLANG_WARN_RANGE_LOOP_ANALYSIS = YES;
				CLANG_WARN_STRICT_PROTOTYPES = YES;
				CLANG_WARN_SUSPICIOUS_MOVE = YES;
				CLANG_WARN_UNGUARDED_AVAILABILITY = YES_AGGRESSIVE;
				CLANG_WARN_UNREACHABLE_CODE = YES;
				CLANG_WARN__DUPLICATE_METHOD_MATCH = YES;
				CODE_SIGN_IDENTITY = "iPhone Developer";
				COPY_PHASE_STRIP = NO;
				DEBUG_INFORMATION_FORMAT = "dwarf-with-dsym";
				ENABLE_NS_ASSERTIONS = NO;
				ENABLE_STRICT_OBJC_MSGSEND = YES;
				GCC_C_LANGUAGE_STANDARD = gnu11;
				GCC_NO_COMMON_BLOCKS = YES;
				GCC_WARN_64_TO_32_BIT_CONVERSION = YES;
				GCC_WARN_ABOUT_RETURN_TYPE = YES_ERROR;
				GCC_WARN_UNDECLARED_SELECTOR = YES;
				GCC_WARN_UNINITIALIZED_AUTOS = YES_AGGRESSIVE;
				GCC_WARN_UNUSED_FUNCTION = YES;
				GCC_WARN_UNUSED_VARIABLE = YES;
				IPHONEOS_DEPLOYMENT_TARGET = 11.2;
				MTL_ENABLE_DEBUG_INFO = NO;
				SDKROOT = iphoneos;
				SWIFT_OPTIMIZATION_LEVEL = "-Owholemodule";
				VALIDATE_PRODUCT = YES;
			};
			name = Release;
		};
		FD2E001221D6907500834B21 /* Debug */ = {
			isa = XCBuildConfiguration;
			buildSettings = {
				ASSETCATALOG_COMPILER_APPICON_NAME = AppIcon;
				CODE_SIGN_STYLE = Automatic;
				INFOPLIST_FILE = WorldTrotter/Info.plist;
				LD_RUNPATH_SEARCH_PATHS = "$(inherited) @executable_path/Frameworks";
				PRODUCT_BUNDLE_IDENTIFIER = SamReavesDigital.WorldTrotter;
				PRODUCT_NAME = "$(TARGET_NAME)";
				SWIFT_VERSION = 4.2;
				TARGETED_DEVICE_FAMILY = "1,2";
			};
			name = Debug;
		};
		FD2E001321D6907500834B21 /* Release */ = {
			isa = XCBuildConfiguration;
			buildSettings = {
				ASSETCATALOG_COMPILER_APPICON_NAME = AppIcon;
				CODE_SIGN_STYLE = Automatic;
				INFOPLIST_FILE = WorldTrotter/Info.plist;
				LD_RUNPATH_SEARCH_PATHS = "$(inherited) @executable_path/Frameworks";
				PRODUCT_BUNDLE_IDENTIFIER = SamReavesDigital.WorldTrotter;
				PRODUCT_NAME = "$(TARGET_NAME)";
				SWIFT_VERSION = 4.2;
				TARGETED_DEVICE_FAMILY = "1,2";
			};
			name = Release;
		};
		FD2E001521D6907500834B21 /* Debug */ = {
			isa = XCBuildConfiguration;
			buildSettings = {
				ALWAYS_EMBED_SWIFT_STANDARD_LIBRARIES = YES;
				BUNDLE_LOADER = "$(TEST_HOST)";
				CODE_SIGN_STYLE = Automatic;
				INFOPLIST_FILE = WorldTrotterTests/Info.plist;
				LD_RUNPATH_SEARCH_PATHS = "$(inherited) @executable_path/Frameworks @loader_path/Frameworks";
				PRODUCT_BUNDLE_IDENTIFIER = SamReavesDigital.WorldTrotterTests;
				PRODUCT_NAME = "$(TARGET_NAME)";
				SWIFT_VERSION = 4.2;
				TARGETED_DEVICE_FAMILY = "1,2";
				TEST_HOST = "$(BUILT_PRODUCTS_DIR)/WorldTrotter.app/WorldTrotter";
			};
			name = Debug;
		};
		FD2E001621D6907500834B21 /* Release */ = {
			isa = XCBuildConfiguration;
			buildSettings = {
				ALWAYS_EMBED_SWIFT_STANDARD_LIBRARIES = YES;
				BUNDLE_LOADER = "$(TEST_HOST)";
				CODE_SIGN_STYLE = Automatic;
				INFOPLIST_FILE = WorldTrotterTests/Info.plist;
				LD_RUNPATH_SEARCH_PATHS = "$(inherited) @executable_path/Frameworks @loader_path/Frameworks";
				PRODUCT_BUNDLE_IDENTIFIER = SamReavesDigital.WorldTrotterTests;
				PRODUCT_NAME = "$(TARGET_NAME)";
				SWIFT_VERSION = 4.2;
				TARGETED_DEVICE_FAMILY = "1,2";
				TEST_HOST = "$(BUILT_PRODUCTS_DIR)/WorldTrotter.app/WorldTrotter";
			};
			name = Release;
		};
		FD2E001821D6907500834B21 /* Debug */ = {
			isa = XCBuildConfiguration;
			buildSettings = {
				ALWAYS_EMBED_SWIFT_STANDARD_LIBRARIES = YES;
				CODE_SIGN_STYLE = Automatic;
				INFOPLIST_FILE = WorldTrotterUITests/Info.plist;
				LD_RUNPATH_SEARCH_PATHS = "$(inherited) @executable_path/Frameworks @loader_path/Frameworks";
				PRODUCT_BUNDLE_IDENTIFIER = SamReavesDigital.WorldTrotterUITests;
				PRODUCT_NAME = "$(TARGET_NAME)";
				SWIFT_VERSION = 4.2;
				TARGETED_DEVICE_FAMILY = "1,2";
				TEST_TARGET_NAME = WorldTrotter;
			};
			name = Debug;
		};
		FD2E001921D6907500834B21 /* Release */ = {
			isa = XCBuildConfiguration;
			buildSettings = {
				ALWAYS_EMBED_SWIFT_STANDARD_LIBRARIES = YES;
				CODE_SIGN_STYLE = Automatic;
				INFOPLIST_FILE = WorldTrotterUITests/Info.plist;
				LD_RUNPATH_SEARCH_PATHS = "$(inherited) @executable_path/Frameworks @loader_path/Frameworks";
				PRODUCT_BUNDLE_IDENTIFIER = SamReavesDigital.WorldTrotterUITests;
				PRODUCT_NAME = "$(TARGET_NAME)";
				SWIFT_VERSION = 4.2;
				TARGETED_DEVICE_FAMILY = "1,2";
				TEST_TARGET_NAME = WorldTrotter;
			};
			name = Release;
		};
/* End XCBuildConfiguration section */

/* Begin XCConfigurationList section */
		FD2E001121D6907500834B21 /* Build configuration list for PBXNativeTarget "WorldTrotter" */ = {
			isa = XCConfigurationList;
			buildConfigurations = (
				FD2E001221D6907500834B21 /* Debug */,
				FD2E001321D6907500834B21 /* Release */,
			);
			defaultConfigurationIsVisible = 0;
			defaultConfigurationName = Release;
		};
		FD2E001421D6907500834B21 /* Build configuration list for PBXNativeTarget "WorldTrotterTests" */ = {
			isa = XCConfigurationList;
			buildConfigurations = (
				FD2E001521D6907500834B21 /* Debug */,
				FD2E001621D6907500834B21 /* Release */,
			);
			defaultConfigurationIsVisible = 0;
			defaultConfigurationName = Release;
		};
		FD2E001721D6907500834B21 /* Build configuration list for PBXNativeTarget "WorldTrotterUITests" */ = {
			isa = XCConfigurationList;
			buildConfigurations = (
				FD2E001821D6907500834B21 /* Debug */,
				FD2E001921D6907500834B21 /* Release */,
			);
			defaultConfigurationIsVisible = 0;
			defaultConfigurationName = Release;
		};
		FD2EFFE421D6907500834B21 /* Build configuration list for PBXProject "WorldTrotter" */ = {
			isa = XCConfigurationList;
			buildConfigurations = (
				FD2E000F21D6907500834B21 /* Debug */,
				FD2E001021D6907500834B21 /* Release */,
			);
			defaultConfigurationIsVisible = 0;
			defaultConfigurationName = Release;
		};
/* End XCConfigurationList section */
	};
	rootObject = FD2EFFE121D6907500834B21 /* Project object */;
}
